# Copyright (c) 2025 Microchip Technology Inc.
# SPDX-License-Identifier: Apache-2.0

description: Microchip SAM D5x/E5x Clock System (OSCCTRL, OSC32KCTRL, MCLK, GCLK)

compatible: "microchip,sam-d5x-e5x-clock"

include: [clock-controller.yaml, base.yaml]

clock-cells:
  - id

properties:

  "#clock-cells":
    const: 1
